
Microsoft Visual Studio Solution File, Format Version 12.00
# Visual Studio 14
VisualStudioVersion = 14.0.24720.0
MinimumVisualStudioVersion = 10.0.40219.1
Project("{FAE04EC0-301F-11D3-BF4B-00C04F79EFBC}") = "Onspring.ADSync", "Onspring.ADSync\Onspring.ADSync.csproj", "{AAD6A7DE-E03F-4511-98AB-2B58B4E3EC2E}"
EndProject
Project("{2150E333-8FDC-42A3-9474-1A3956D46DE8}") = "Solution Items", "Solution Items", "{9CB8B502-06F1-4D0A-8FEE-5B6DF0D8C574}"
	ProjectSection(SolutionItems) = preProject
		README.md = README.md
	EndProjectSection
EndProject
Global
	GlobalSection(SolutionConfigurationPlatforms) = preSolution
		Debug|Any CPU = Debug|Any CPU
		Release|Any CPU = Release|Any CPU
	EndGlobalSection
	GlobalSection(ProjectConfigurationPlatforms) = postSolution
		{AAD6A7DE-E03F-4511-98AB-2B58B4E3EC2E}.Debug|Any CPU.ActiveCfg = Debug|Any CPU
		{AAD6A7DE-E03F-4511-98AB-2B58B4E3EC2E}.Debug|Any CPU.Build.0 = Debug|Any CPU
		{AAD6A7DE-E03F-4511-98AB-2B58B4E3EC2E}.Release|Any CPU.ActiveCfg = Release|Any CPU
		{AAD6A7DE-E03F-4511-98AB-2B58B4E3EC2E}.Release|Any CPU.Build.0 = Release|Any CPU
	EndGlobalSection
	GlobalSection(SolutionProperties) = preSolution
		HideSolutionNode = FALSE
	EndGlobalSection
EndGlobal
